# THIS IS AN AUTOGENERATED FILE. DO NOT EDIT THIS FILE DIRECTLY.
assets/ajax-loader.gif:
  development: 2018-02-03T15:14:34-05:00   deca8b0ecd6974227d157b6d7068995d
assets/gift-card.scss.liquid:
  development: 2018-02-03T15:14:34-05:00   4013652f514c31ced96536bd134c4bc1
assets/icons.svg:
  development: 2018-02-03T15:14:34-05:00   8e26f198f3ab934a09b8026804281b5f
assets/icons.ttf:
  development: 2018-02-03T15:14:34-05:00   e2ff49b54e0b2a4ccf04cb6273e5a098
assets/respond.min.js:
  development: 2018-02-03T15:14:35-05:00   a2684e9b8fa50d6d11c56a9ada068528
assets/timber.scss.liquid:
  development: 2018-02-07T17:49:54-05:00   51585f007db6341713bec4628871c38d
layout/theme.liquid:
  development: 2018-02-03T15:14:36-05:00   9672a8d779273c6e0926d4141d9ccd5b
locales/en.default.json:
  development: 2018-02-03T15:14:36-05:00   1e9ca69730fcb58452bf5ea1342a2fbd
locales/fr.json:
  development: 2018-02-03T15:14:36-05:00   c091a10704cb1cee02e45a97ae7f8630
locales/it.json:
  development: 2018-02-03T15:14:36-05:00   aed8548d04d71483b53d11314ddf5ec3
locales/pt-BR.json:
  development: 2018-02-03T15:14:36-05:00   ac34b20ca4c0667c37f11ae3e8486d5f
locales/pt-PT.json:
  development: 2018-02-03T15:14:36-05:00   53d9900e3c379a1960f8197f0371dd24
sections/drawer-menu.liquid:
  development: 2018-02-03T15:14:32-05:00   c459b2923149ea9d6f3248a47addbe37
sections/featured-content.liquid:
  development: 2018-02-03T15:14:33-05:00   4c26b9b1add93a244b464eb062764c68
sections/featured-row.liquid:
  development: 2018-02-03T15:14:33-05:00   fb9a3596588cd8472aeb370d2ecef85f
sections/featured-video.liquid:
  development: 2018-02-03T15:14:33-05:00   27c4bd55d80c6e12b2608e5c42d59bd0
sections/footer.liquid:
  development: 2018-02-03T15:14:33-05:00   09c4cbb15a45a2bb33e70183149c4b60
sections/header.liquid:
  development: 2018-02-03T15:14:33-05:00   5d06a5b728b0535c5e531374e94aca9e
sections/list-collections-template.liquid:
  development: 2018-02-03T15:14:33-05:00   cc519f30f6bced273d6c82201bb79c40
sections/map.liquid:
  development: 2018-02-03T15:14:33-05:00   ac33dc6663926e2ecbe35fe0ce4ddf14
sections/newsletter.liquid:
  development: 2018-02-03T15:14:33-05:00   6a0073297f0554078ebaa42b26c29308
sections/password-content.liquid:
  development: 2018-02-03T15:14:33-05:00   5a0b4a0de6cdf4b38a7ed16692f52c92
sections/password-header.liquid:
  development: 2018-02-03T15:14:33-05:00   5a5416be7d0234eb7a193645a5232357
sections/product-template.liquid:
  development: 2018-02-03T15:14:33-05:00   5d6a882c460de1fc83be37af0cf7372c
sections/slideshow.liquid:
  development: 2018-02-03T15:14:33-05:00   50b90292c9d7974a75e71d53d2151adf
snippets/ajax-cart-template.liquid:
  development: 2018-02-03T15:14:36-05:00   a12ad20ccc9ef7b2516fe7941c51dba8
snippets/bgset.liquid:
  development: 2018-02-03T15:14:36-05:00   33148dfd129ac7339b20fa9792a6bf85
snippets/onboarding-featured-products.liquid:
  development: 2018-02-03T15:14:37-05:00   4f249e3a12c79ae3aa47d3974fccd84c
snippets/product-grid-item.liquid:
  development: 2018-02-03T15:14:37-05:00   967ef748cf9d1dc180bca9987fa017cb
snippets/respond.liquid:
  development: 2018-02-03T15:14:37-05:00   ca6abf0635dc2ad8c6bd377f83c79f6b
snippets/search-bar.liquid:
  development: 2018-02-03T15:14:37-05:00   09c97d1e453c835a8a5568a70d690883
snippets/svg-definitions.liquid:
  development: 2018-02-03T15:14:37-05:00   fe4fbc64d534e355fd8653de4ebac79a
snippets/tags-article.liquid:
  development: 2018-02-03T15:14:37-05:00   e7976dc4c68590a9f1ee7276f99559ac
templates/article.liquid:
  development: 2018-02-03T15:14:37-05:00   9763e9f309642903282720d29b422aaf
templates/cart.liquid:
  development: 2018-02-03T15:14:37-05:00   efcf7593a46e6f95cc2ccf55356e5784
templates/collection.liquid:
  development: 2018-02-03T15:14:37-05:00   3f577c5eaf7fab7e9688fd84e5d99db0
templates/customers/activate_account.liquid:
  development: 2018-02-03T15:14:37-05:00   a569b8be750f47edddc82ffc62b847ac
templates/customers/order.liquid:
  development: 2018-02-03T15:14:37-05:00   b836ee1cb4045e777025f75abf719574
templates/customers/register.liquid:
  development: 2018-02-03T15:14:38-05:00   3205d912f62cb0f866d974d5f2e22b37
templates/list-collections.liquid:
  development: 2018-02-03T15:14:38-05:00   eabed71f62563b929b8da83a4aeacbfb
templates/page.full-width.liquid:
  development: 2018-02-03T15:14:38-05:00   f21db2cc6691ac1165c7a07ff8bc11cb
templates/password.liquid:
  development: 2018-02-03T15:14:38-05:00   27c20529a5fa11780bc067f4f5c7cc9d
templates/product.liquid:
  development: 2018-02-03T15:14:38-05:00   0333f9f54411b4b9b90936d11d7c167e
