# THIS IS AN AUTOGENERATED FILE. DO NOT EDIT THIS FILE DIRECTLY.
assets/ajax-loader.gif:
  development: 2018-02-09T09:25:56-05:00   deca8b0ecd6974227d157b6d7068995d
  production: 2017-11-30T11:30:52-05:00   deca8b0ecd6974227d157b6d7068995d
assets/bootstrap.min.css:
  development: 2018-04-27T11:42:02-04:00   6be0b5d3675ad00b5af6c1674e00cb68
assets/gift-card.scss.liquid:
  development: 2018-02-09T09:25:56-05:00   4013652f514c31ced96536bd134c4bc1
  production: 2017-11-30T11:30:52-05:00   4013652f514c31ced96536bd134c4bc1
assets/hero_slide_1.jpg:
  development: 2018-02-09T09:25:56-05:00   60c9e4042c6be8f9aaaf0b7099faa402
  production: 2017-11-30T11:30:52-05:00   60c9e4042c6be8f9aaaf0b7099faa402
assets/ico-select.svg.liquid:
  development: 2018-02-09T09:25:56-05:00   9c9cc5a57cc74a0a64c2f62b1370a920
  production: 2017-11-30T11:30:53-05:00   9c9cc5a57cc74a0a64c2f62b1370a920
assets/icons.eot:
  development: 2018-02-09T09:25:56-05:00   a35ce5fa0ca84b345effce54fa925def
  production: 2017-11-30T11:30:53-05:00   a35ce5fa0ca84b345effce54fa925def
assets/icons.json:
  development: 2018-04-27T11:14:39-04:00   a209c69dba1ffc16f0f0ecd667220ef2
  production: 2017-11-30T11:30:53-05:00   a209c69dba1ffc16f0f0ecd667220ef2
assets/icons.svg:
  development: 2018-02-09T09:25:57-05:00   8e26f198f3ab934a09b8026804281b5f
  production: 2017-11-30T11:30:53-05:00   8e26f198f3ab934a09b8026804281b5f
assets/icons.ttf:
  development: 2018-02-09T09:25:57-05:00   e2ff49b54e0b2a4ccf04cb6273e5a098
  production: 2017-11-30T11:30:53-05:00   e2ff49b54e0b2a4ccf04cb6273e5a098
assets/icons.woff:
  development: 2018-02-09T09:25:57-05:00   f5e7497d94de7b0b7efcbd889308e5e4
  production: 2017-11-30T11:30:53-05:00   f5e7497d94de7b0b7efcbd889308e5e4
assets/jquery-2.2.3.min.js:
  development: 2018-02-09T09:25:57-05:00   33cabfa15c1060aaa3d207c653afb1ee
  production: 2017-11-30T11:30:53-05:00   33cabfa15c1060aaa3d207c653afb1ee
assets/lazysizes.min.js:
  development: 2018-02-09T09:25:57-05:00   830660aaaf0a60b712ad5c32482ee689
  production: 2017-11-30T11:30:53-05:00   830660aaaf0a60b712ad5c32482ee689
assets/map.js:
  development: 2018-04-27T14:52:14-04:00   f434888724be25ef53d599fa4ca311ac
assets/match-media.min.js:
  development: 2018-02-09T09:25:58-05:00   9e431a1a6b7a8c12af2cef5c2a1ce14f
  production: 2017-11-30T11:30:53-05:00   9e431a1a6b7a8c12af2cef5c2a1ce14f
assets/modernizr.min.js:
  development: 2018-02-09T09:25:58-05:00   2e37516b46c9a9e2f46842c42e4b6e03
  production: 2017-11-30T11:30:53-05:00   2e37516b46c9a9e2f46842c42e4b6e03
assets/password-page-background.jpg:
  development: 2018-02-09T09:25:58-05:00   4d5821272f875e5c11dd3a8c8e1d6133
  production: 2017-11-30T11:30:53-05:00   4d5821272f875e5c11dd3a8c8e1d6133
assets/respond-proxy.html:
  development: 2018-02-09T09:25:58-05:00   75002d74a330bff6bf069284da503b4c
  production: 2017-11-30T11:30:53-05:00   75002d74a330bff6bf069284da503b4c
assets/respond.min.js:
  development: 2018-02-09T09:25:58-05:00   a2684e9b8fa50d6d11c56a9ada068528
  production: 2017-11-30T11:30:54-05:00   a2684e9b8fa50d6d11c56a9ada068528
assets/theme.js.liquid:
  development: 2018-02-09T09:25:58-05:00   633b4e9d2f23c18fb44a0094fbd429fc
  production: 2018-01-14T00:46:49-05:00   633b4e9d2f23c18fb44a0094fbd429fc
assets/theme.scss.liquid:
  development: 2018-03-14T17:20:53-04:00   47708d6699f6e011425a88e529abb4aa
  production: 2018-01-14T00:46:49-05:00   47708d6699f6e011425a88e529abb4aa
assets/timber.scss.liquid:
  development: 2018-04-27T11:14:21-04:00   9bd1bebeb71d465af4a70cf91f55df35
  production: 2018-03-23T22:10:00-04:00   9bd1bebeb71d465af4a70cf91f55df35
config/settings_data.json:
  development: 2018-05-06T16:41:17-04:00   a100d114b69efeab30191fca1646cc7f
  production: 2018-05-01T19:51:24-04:00   a100d114b69efeab30191fca1646cc7f
config/settings_schema.json:
  development: 2018-04-27T11:13:53-04:00   a22c5db30c0edbe07f16eb965f1bdb36
  production: 2018-01-14T00:46:49-05:00   a22c5db30c0edbe07f16eb965f1bdb36
layout/password.liquid:
  development: 2018-02-09T09:25:58-05:00   e3df81a186a3aaf1710cfc32ef51a558
  production: 2017-11-30T11:30:54-05:00   e3df81a186a3aaf1710cfc32ef51a558
layout/theme.liquid:
  development: 2018-04-27T11:13:54-04:00   9672a8d779273c6e0926d4141d9ccd5b
  production: 2017-11-30T11:30:54-05:00   9672a8d779273c6e0926d4141d9ccd5b
locales/de.json:
  development: 2018-04-27T11:14:12-04:00   09cf9a7ff0052d8691dfff54ced866c5
  production: 2017-11-30T11:30:54-05:00   09cf9a7ff0052d8691dfff54ced866c5
locales/en.default.json:
  development: 2018-04-27T11:14:21-04:00   1e9ca69730fcb58452bf5ea1342a2fbd
  production: 2017-11-30T11:30:54-05:00   1e9ca69730fcb58452bf5ea1342a2fbd
locales/es.json:
  development: 2018-04-27T11:14:10-04:00   252311e404e512e5b184e04066572067
  production: 2017-11-30T11:30:54-05:00   252311e404e512e5b184e04066572067
locales/fr.json:
  development: 2018-04-27T11:14:13-04:00   c091a10704cb1cee02e45a97ae7f8630
  production: 2017-11-30T11:30:54-05:00   c091a10704cb1cee02e45a97ae7f8630
locales/it.json:
  development: 2018-04-27T11:14:28-04:00   aed8548d04d71483b53d11314ddf5ec3
  production: 2017-11-30T11:30:54-05:00   aed8548d04d71483b53d11314ddf5ec3
locales/ja.json:
  development: 2018-04-27T11:14:12-04:00   a0da2c28d292f7d0d18b02e4076d75f6
  production: 2017-11-30T11:30:54-05:00   a0da2c28d292f7d0d18b02e4076d75f6
locales/pt-BR.json:
  development: 2018-04-27T11:14:10-04:00   ac34b20ca4c0667c37f11ae3e8486d5f
  production: 2017-11-30T11:30:55-05:00   ac34b20ca4c0667c37f11ae3e8486d5f
locales/pt-PT.json:
  development: 2018-04-27T11:14:20-04:00   53d9900e3c379a1960f8197f0371dd24
  production: 2017-11-30T11:30:55-05:00   53d9900e3c379a1960f8197f0371dd24
sections/advanced-content.liquid:
  development: 2018-02-09T09:25:54-05:00   4b45d54b982eb78ae6b807f7a0e3c2d8
  production: 2017-11-30T11:30:50-05:00   4b45d54b982eb78ae6b807f7a0e3c2d8
sections/article-template.liquid:
  development: 2018-02-09T09:25:54-05:00   24b2ca76ee638a9fa807fdea8811ed13
  production: 2017-11-30T11:30:50-05:00   24b2ca76ee638a9fa807fdea8811ed13
sections/collection-image-template.liquid:
  development: 2018-02-09T09:25:54-05:00   b91a956f52837a6e689a5b5743a52133
  production: 2017-11-30T11:30:50-05:00   b91a956f52837a6e689a5b5743a52133
sections/collection-template.liquid:
  development: 2018-02-09T09:25:55-05:00   b0d1db6335a23864102b30fe0dbe05d2
  production: 2017-11-30T11:30:50-05:00   b0d1db6335a23864102b30fe0dbe05d2
sections/drawer-menu.liquid:
  development: 2018-02-09T09:25:55-05:00   c459b2923149ea9d6f3248a47addbe37
  production: 2017-11-30T11:30:51-05:00   c459b2923149ea9d6f3248a47addbe37
sections/featured-blog.liquid:
  development: 2018-02-09T09:25:55-05:00   1a2012bf33075d643f02fdbc76d74473
  production: 2017-11-30T11:30:51-05:00   1a2012bf33075d643f02fdbc76d74473
sections/featured-collections.liquid:
  development: 2018-02-09T09:25:55-05:00   a9522b514680ee104f88c85901f047a7
  production: 2017-11-30T11:30:51-05:00   a9522b514680ee104f88c85901f047a7
sections/featured-content.liquid:
  development: 2018-02-09T09:25:55-05:00   4c26b9b1add93a244b464eb062764c68
  production: 2017-11-30T11:30:51-05:00   4c26b9b1add93a244b464eb062764c68
sections/featured-product.liquid:
  development: 2018-02-09T09:25:55-05:00   90a8144ef37023a7f7e61740c6311af1
  production: 2017-11-30T11:30:51-05:00   90a8144ef37023a7f7e61740c6311af1
sections/featured-products.liquid:
  development: 2018-02-09T09:25:55-05:00   9fec56b1671133e9f6a01dec0b062ede
  production: 2017-11-30T11:30:51-05:00   9fec56b1671133e9f6a01dec0b062ede
sections/featured-row.liquid:
  development: 2018-02-09T09:25:55-05:00   fb9a3596588cd8472aeb370d2ecef85f
  production: 2017-11-30T11:30:51-05:00   fb9a3596588cd8472aeb370d2ecef85f
sections/featured-video.liquid:
  development: 2018-02-09T09:25:55-05:00   27c4bd55d80c6e12b2608e5c42d59bd0
  production: 2017-11-30T11:30:51-05:00   27c4bd55d80c6e12b2608e5c42d59bd0
sections/footer.liquid:
  development: 2018-02-09T09:25:55-05:00   09c4cbb15a45a2bb33e70183149c4b60
  production: 2017-11-30T11:30:51-05:00   09c4cbb15a45a2bb33e70183149c4b60
sections/header.liquid:
  development: 2018-02-09T09:25:55-05:00   5d06a5b728b0535c5e531374e94aca9e
  production: 2018-01-14T00:46:50-05:00   5d06a5b728b0535c5e531374e94aca9e
sections/list-collections-template.liquid:
  development: 2018-02-09T09:25:55-05:00   cc519f30f6bced273d6c82201bb79c40
  production: 2017-11-30T11:30:51-05:00   cc519f30f6bced273d6c82201bb79c40
sections/map.liquid:
  development: 2018-04-27T11:14:26-04:00   ac33dc6663926e2ecbe35fe0ce4ddf14
  production: 2017-11-30T11:30:51-05:00   ac33dc6663926e2ecbe35fe0ce4ddf14
sections/newsletter.liquid:
  development: 2018-02-09T09:25:55-05:00   6a0073297f0554078ebaa42b26c29308
  production: 2017-11-30T11:30:51-05:00   6a0073297f0554078ebaa42b26c29308
sections/password-content.liquid:
  development: 2018-02-09T09:25:55-05:00   5a0b4a0de6cdf4b38a7ed16692f52c92
  production: 2017-11-30T11:30:51-05:00   5a0b4a0de6cdf4b38a7ed16692f52c92
sections/password-header.liquid:
  development: 2018-02-09T09:25:55-05:00   5a5416be7d0234eb7a193645a5232357
  production: 2017-11-30T11:30:52-05:00   5a5416be7d0234eb7a193645a5232357
sections/press-section-grid-1.liquid:
  development: 2018-04-27T11:14:07-04:00   e38d865dc91eb5181f42c70f722cbc39
  production: 2018-03-23T21:59:19-04:00   e38d865dc91eb5181f42c70f722cbc39
sections/press-section-grid-2.liquid:
  development: 2018-03-23T22:12:36-04:00   ebc1a877fb691b55b6f8f1773d923d2b
  production: 2018-03-23T21:59:25-04:00   ebc1a877fb691b55b6f8f1773d923d2b
sections/press-section-grid-3.liquid:
  development: 2018-03-23T22:12:27-04:00   350bc3b447ff8c57c2653c331047bc31
  production: 2018-03-23T21:59:33-04:00   350bc3b447ff8c57c2653c331047bc31
sections/press-section-grid-4.liquid:
  development: 2018-04-27T11:14:29-04:00   3aad0535a203ef48721b7ca660f73d4d
  production: 2018-03-23T21:59:39-04:00   3aad0535a203ef48721b7ca660f73d4d
sections/product-template.liquid:
  development: 2018-02-09T09:25:55-05:00   5d6a882c460de1fc83be37af0cf7372c
  production: 2018-01-14T00:46:50-05:00   5d6a882c460de1fc83be37af0cf7372c
sections/slideshow.liquid:
  development: 2018-04-27T11:13:55-04:00   f888567bca26e9cd1874ad6e222517e5
  production: 2018-03-19T17:13:32-04:00   f888567bca26e9cd1874ad6e222517e5
snippets/ajax-cart-template.liquid:
  development: 2018-02-09T09:25:59-05:00   a12ad20ccc9ef7b2516fe7941c51dba8
  production: 2017-11-30T11:30:55-05:00   a12ad20ccc9ef7b2516fe7941c51dba8
snippets/bgset.liquid:
  development: 2018-02-09T09:25:59-05:00   33148dfd129ac7339b20fa9792a6bf85
  production: 2017-11-30T11:30:55-05:00   33148dfd129ac7339b20fa9792a6bf85
snippets/collection-grid-collage.liquid:
  development: 2018-02-09T09:25:59-05:00   bba8796945ca96e0d0518d046f15d4ce
  production: 2017-11-30T11:30:55-05:00   bba8796945ca96e0d0518d046f15d4ce
snippets/collection-grid-item.liquid:
  development: 2018-02-09T09:25:59-05:00   ee5beb448997d2a0c6aea228afd4ca9e
  production: 2017-11-30T11:30:55-05:00   ee5beb448997d2a0c6aea228afd4ca9e
snippets/collection-sorting.liquid:
  development: 2018-02-09T09:25:59-05:00   5c3d97455cfdba8baaa37909797f8dd0
  production: 2017-11-30T11:30:55-05:00   5c3d97455cfdba8baaa37909797f8dd0
snippets/collection-template.liquid:
  development: 2018-02-09T09:25:59-05:00   02cacd5add9a70b3cb13576f8b485732
  production: 2017-11-30T11:30:55-05:00   02cacd5add9a70b3cb13576f8b485732
snippets/comment.liquid:
  development: 2018-02-09T09:25:59-05:00   490bf7370ece4d0217f9c229aefd5880
  production: 2017-11-30T11:30:55-05:00   490bf7370ece4d0217f9c229aefd5880
snippets/featured-blog.liquid:
  development: 2018-02-09T09:25:59-05:00   298bd007615e3e42f16df1538b6283d6
  production: 2017-11-30T11:30:55-05:00   298bd007615e3e42f16df1538b6283d6
snippets/google-fonts.liquid:
  development: 2018-02-09T09:25:59-05:00   8e40cfa27425f9a5b955b747e1edee96
  production: 2017-11-30T11:30:55-05:00   8e40cfa27425f9a5b955b747e1edee96
snippets/image-style.liquid:
  development: 2018-02-09T09:25:59-05:00   8c50291b1de61b727b4dd13143797229
  production: 2017-11-30T11:30:55-05:00   8c50291b1de61b727b4dd13143797229
snippets/oldIE-js.liquid:
  development: 2018-02-09T09:25:59-05:00   daf28c8834122dcaf976369fdf48323a
  production: 2017-11-30T11:30:55-05:00   daf28c8834122dcaf976369fdf48323a
snippets/onboarding-featured-blog.liquid:
  development: 2018-02-09T09:25:59-05:00   d7ff9e7771b64f55e84ad9b1e9dd4b8f
  production: 2017-11-30T11:30:55-05:00   d7ff9e7771b64f55e84ad9b1e9dd4b8f
snippets/onboarding-featured-collections.liquid:
  development: 2018-02-09T09:25:59-05:00   2feedbf8631dfc0d5fb6e251d52582d4
  production: 2017-11-30T11:30:55-05:00   2feedbf8631dfc0d5fb6e251d52582d4
snippets/onboarding-featured-products.liquid:
  development: 2018-04-27T11:13:43-04:00   4f249e3a12c79ae3aa47d3974fccd84c
  production: 2017-11-30T11:30:55-05:00   4f249e3a12c79ae3aa47d3974fccd84c
snippets/pagination.liquid:
  development: 2018-02-09T09:25:59-05:00   70ed134ed90fed5e45b2ac2b938d8f35
  production: 2017-11-30T11:30:55-05:00   70ed134ed90fed5e45b2ac2b938d8f35
snippets/product-grid-collage.liquid:
  development: 2018-02-09T09:25:59-05:00   4abdc9f608a23b5c0ab9d2581e08a060
  production: 2017-11-30T11:30:55-05:00   4abdc9f608a23b5c0ab9d2581e08a060
snippets/product-grid-item.liquid:
  development: 2018-04-27T11:14:35-04:00   967ef748cf9d1dc180bca9987fa017cb
  production: 2017-11-30T11:30:55-05:00   967ef748cf9d1dc180bca9987fa017cb
snippets/respond.liquid:
  development: 2018-02-09T09:26:00-05:00   ca6abf0635dc2ad8c6bd377f83c79f6b
  production: 2017-11-30T11:30:55-05:00   ca6abf0635dc2ad8c6bd377f83c79f6b
snippets/search-bar.liquid:
  development: 2018-02-09T09:26:00-05:00   09c97d1e453c835a8a5568a70d690883
  production: 2017-11-30T11:30:55-05:00   09c97d1e453c835a8a5568a70d690883
snippets/social-meta-tags.liquid:
  development: 2018-02-09T09:26:00-05:00   ae9e213401623b2601abf0ace8e21537
  production: 2017-11-30T11:30:56-05:00   ae9e213401623b2601abf0ace8e21537
snippets/social-sharing.liquid:
  development: 2018-02-09T09:26:00-05:00   6ce37d7f2814a10ed9b36ea3be691b65
  production: 2017-11-30T11:30:56-05:00   6ce37d7f2814a10ed9b36ea3be691b65
snippets/svg-definitions.liquid:
  development: 2018-04-27T11:14:04-04:00   fe4fbc64d534e355fd8653de4ebac79a
  production: 2017-11-30T11:30:56-05:00   fe4fbc64d534e355fd8653de4ebac79a
snippets/tags-article.liquid:
  development: 2018-02-09T09:26:00-05:00   e7976dc4c68590a9f1ee7276f99559ac
  production: 2017-11-30T11:30:56-05:00   e7976dc4c68590a9f1ee7276f99559ac
templates/404.liquid:
  development: 2018-02-09T09:26:00-05:00   f1181b55ee89b4ad79ae81d244761cd2
  production: 2017-11-30T11:30:56-05:00   f1181b55ee89b4ad79ae81d244761cd2
templates/article.liquid:
  development: 2018-02-09T09:26:00-05:00   9763e9f309642903282720d29b422aaf
  production: 2017-11-30T11:30:56-05:00   9763e9f309642903282720d29b422aaf
templates/blog.liquid:
  development: 2018-02-09T09:26:00-05:00   61610ee5c1452e884bc13688553d2a32
  production: 2017-11-30T11:30:56-05:00   61610ee5c1452e884bc13688553d2a32
templates/cart.liquid:
  development: 2018-02-09T09:26:00-05:00   efcf7593a46e6f95cc2ccf55356e5784
  production: 2017-11-30T11:30:56-05:00   efcf7593a46e6f95cc2ccf55356e5784
templates/collection.image.liquid:
  development: 2018-02-09T09:26:00-05:00   cd9a9b1849d65ca4311d6f793008812f
  production: 2017-11-30T11:30:56-05:00   cd9a9b1849d65ca4311d6f793008812f
templates/collection.liquid:
  development: 2018-02-09T09:26:00-05:00   3f577c5eaf7fab7e9688fd84e5d99db0
  production: 2017-11-30T11:30:56-05:00   3f577c5eaf7fab7e9688fd84e5d99db0
templates/customers/account.liquid:
  development: 2018-02-09T09:26:00-05:00   6169bc13701d2a2f4cbe9735b86ab10c
  production: 2017-11-30T11:30:56-05:00   6169bc13701d2a2f4cbe9735b86ab10c
templates/customers/activate_account.liquid:
  development: 2018-02-09T09:26:00-05:00   a569b8be750f47edddc82ffc62b847ac
  production: 2017-11-30T11:30:56-05:00   a569b8be750f47edddc82ffc62b847ac
templates/customers/addresses.liquid:
  development: 2018-02-09T09:26:00-05:00   839b36f77b40b0fa025bb6655f1ff583
  production: 2017-11-30T11:30:56-05:00   839b36f77b40b0fa025bb6655f1ff583
templates/customers/login.liquid:
  development: 2018-02-09T09:26:00-05:00   5fea701d036da687b6b1f1e28babb7bc
  production: 2017-11-30T11:30:56-05:00   5fea701d036da687b6b1f1e28babb7bc
templates/customers/order.liquid:
  development: 2018-02-09T09:26:00-05:00   b836ee1cb4045e777025f75abf719574
  production: 2017-11-30T11:30:56-05:00   b836ee1cb4045e777025f75abf719574
templates/customers/register.liquid:
  development: 2018-02-09T09:26:00-05:00   3205d912f62cb0f866d974d5f2e22b37
  production: 2017-11-30T11:30:56-05:00   3205d912f62cb0f866d974d5f2e22b37
templates/customers/reset_password.liquid:
  development: 2018-02-09T09:26:00-05:00   bd78871a9d2e373575659c6f9f68aa9b
  production: 2017-11-30T11:30:56-05:00   bd78871a9d2e373575659c6f9f68aa9b
templates/gift_card.liquid:
  development: 2018-02-09T09:26:00-05:00   e1a7ff0eff7d6dcc55dedda51a1686cc
  production: 2017-11-30T11:30:56-05:00   e1a7ff0eff7d6dcc55dedda51a1686cc
templates/index.liquid:
  development: 2018-04-27T11:14:02-04:00   ac82978d9b6a74daa2c80ba69173c293
  production: 2018-03-23T10:29:36-04:00   ac82978d9b6a74daa2c80ba69173c293
templates/list-collections.liquid:
  development: 2018-02-09T09:26:00-05:00   eabed71f62563b929b8da83a4aeacbfb
  production: 2017-11-30T11:30:56-05:00   eabed71f62563b929b8da83a4aeacbfb
templates/page.contact.liquid:
  development: 2018-02-09T09:26:01-05:00   b31a760236911163d10b4a663a76c59d
  production: 2017-11-30T11:30:56-05:00   b31a760236911163d10b4a663a76c59d
templates/page.factories.liquid:
  development: 2018-04-27T14:50:46-04:00   9d298e8a0170d254e3d829f021cc67c9
templates/page.full-width.liquid:
  development: 2018-02-09T09:26:01-05:00   f21db2cc6691ac1165c7a07ff8bc11cb
  production: 2017-11-30T11:30:56-05:00   f21db2cc6691ac1165c7a07ff8bc11cb
templates/page.liquid:
  development: 2018-02-09T09:26:01-05:00   3c1c3fb627419cc73d4cd19b32898d5e
  production: 2017-11-30T11:30:56-05:00   3c1c3fb627419cc73d4cd19b32898d5e
templates/page.press.liquid:
  development: 2018-04-27T11:13:46-04:00   9c485e53c8dd5137b7b0ee56f64dd9d6
  production: 2018-03-22T23:10:54-04:00   9c485e53c8dd5137b7b0ee56f64dd9d6
templates/password.liquid:
  development: 2018-02-09T09:26:01-05:00   27c20529a5fa11780bc067f4f5c7cc9d
  production: 2017-11-30T11:30:56-05:00   27c20529a5fa11780bc067f4f5c7cc9d
templates/product.liquid:
  development: 2018-02-09T09:26:01-05:00   0333f9f54411b4b9b90936d11d7c167e
  production: 2017-11-30T11:30:57-05:00   0333f9f54411b4b9b90936d11d7c167e
templates/search.liquid:
  development: 2018-02-09T09:26:01-05:00   5b5ec843550466c7a2c965e0b1c8dbc0
  production: 2017-11-30T11:30:57-05:00   5b5ec843550466c7a2c965e0b1c8dbc0
